
Microsoft Visual Studio Solution File, Format Version 12.00
# Visual Studio 15
VisualStudioVersion = 15.0.28010.2046
MinimumVisualStudioVersion = 10.0.40219.1
Project("{FAE04EC0-301F-11D3-BF4B-00C04F79EFBC}") = "HW-08", "HW-08\HW-08.csproj", "{42B7AE80-1151-4C2D-8ECC-54E7012A160B}"
EndProject
Global
	GlobalSection(SolutionConfigurationPlatforms) = preSolution
		Debug|Any CPU = Debug|Any CPU
		Release|Any CPU = Release|Any CPU
	EndGlobalSection
	GlobalSection(ProjectConfigurationPlatforms) = postSolution
		{42B7AE80-1151-4C2D-8ECC-54E7012A160B}.Debug|Any CPU.ActiveCfg = Debug|Any CPU
		{42B7AE80-1151-4C2D-8ECC-54E7012A160B}.Debug|Any CPU.Build.0 = Debug|Any CPU
		{42B7AE80-1151-4C2D-8ECC-54E7012A160B}.Release|Any CPU.ActiveCfg = Release|Any CPU
		{42B7AE80-1151-4C2D-8ECC-54E7012A160B}.Release|Any CPU.Build.0 = Release|Any CPU
	EndGlobalSection
	GlobalSection(SolutionProperties) = preSolution
		HideSolutionNode = FALSE
	EndGlobalSection
	GlobalSection(ExtensibilityGlobals) = postSolution
		SolutionGuid = {7E40314F-D2E9-45F4-BBED-F0E99C59F6A9}
	EndGlobalSection
EndGlobal
